
Microsoft Visual Studio Solution File, Format Version 12.00
# Visual Studio Version 17
VisualStudioVersion = 17.0.31903.59
MinimumVisualStudioVersion = 10.0.40219.1
Project("{2150E333-8FDC-42A3-9474-1A3956D46DE8}") = "src", "src", "{76C9A7E0-C54B-47A6-97E2-FC113C65A261}"
EndProject
Project("{FAE04EC0-301F-11D3-BF4B-00C04F79EFBC}") = "dbnet", "src\dbnet\dbnet.csproj", "{97B0FF7D-FA80-4E03-AF1A-C99D2A906CDC}"
EndProject
Project("{FAE04EC0-301F-11D3-BF4B-00C04F79EFBC}") = "DbmlNet", "src\DbmlNet\DbmlNet.csproj", "{AFC62CA1-2574-4CA2-AA31-A46C8820C0B2}"
EndProject
Project("{2150E333-8FDC-42A3-9474-1A3956D46DE8}") = "tests", "tests", "{9BC5B462-2954-4D67-9193-274FA4ADD8F9}"
EndProject
Project("{FAE04EC0-301F-11D3-BF4B-00C04F79EFBC}") = "DbmlNet.Tests.Unit", "tests\DbmlNet.Tests.Unit\DbmlNet.Tests.Unit.csproj", "{517CE67D-ED8E-469B-BBFC-243B70EB4C5F}"
EndProject
Global
	GlobalSection(SolutionConfigurationPlatforms) = preSolution
		Debug|Any CPU = Debug|Any CPU
		Release|Any CPU = Release|Any CPU
	EndGlobalSection
	GlobalSection(SolutionProperties) = preSolution
		HideSolutionNode = FALSE
	EndGlobalSection
	GlobalSection(ProjectConfigurationPlatforms) = postSolution
		{97B0FF7D-FA80-4E03-AF1A-C99D2A906CDC}.Debug|Any CPU.ActiveCfg = Debug|Any CPU
		{97B0FF7D-FA80-4E03-AF1A-C99D2A906CDC}.Debug|Any CPU.Build.0 = Debug|Any CPU
		{97B0FF7D-FA80-4E03-AF1A-C99D2A906CDC}.Release|Any CPU.ActiveCfg = Release|Any CPU
		{97B0FF7D-FA80-4E03-AF1A-C99D2A906CDC}.Release|Any CPU.Build.0 = Release|Any CPU
		{AFC62CA1-2574-4CA2-AA31-A46C8820C0B2}.Debug|Any CPU.ActiveCfg = Debug|Any CPU
		{AFC62CA1-2574-4CA2-AA31-A46C8820C0B2}.Debug|Any CPU.Build.0 = Debug|Any CPU
		{AFC62CA1-2574-4CA2-AA31-A46C8820C0B2}.Release|Any CPU.ActiveCfg = Release|Any CPU
		{AFC62CA1-2574-4CA2-AA31-A46C8820C0B2}.Release|Any CPU.Build.0 = Release|Any CPU
		{517CE67D-ED8E-469B-BBFC-243B70EB4C5F}.Debug|Any CPU.ActiveCfg = Debug|Any CPU
		{517CE67D-ED8E-469B-BBFC-243B70EB4C5F}.Debug|Any CPU.Build.0 = Debug|Any CPU
		{517CE67D-ED8E-469B-BBFC-243B70EB4C5F}.Release|Any CPU.ActiveCfg = Release|Any CPU
		{517CE67D-ED8E-469B-BBFC-243B70EB4C5F}.Release|Any CPU.Build.0 = Release|Any CPU
	EndGlobalSection
	GlobalSection(NestedProjects) = preSolution
		{97B0FF7D-FA80-4E03-AF1A-C99D2A906CDC} = {76C9A7E0-C54B-47A6-97E2-FC113C65A261}
		{AFC62CA1-2574-4CA2-AA31-A46C8820C0B2} = {76C9A7E0-C54B-47A6-97E2-FC113C65A261}
		{517CE67D-ED8E-469B-BBFC-243B70EB4C5F} = {9BC5B462-2954-4D67-9193-274FA4ADD8F9}
	EndGlobalSection
EndGlobal
